
Microsoft Visual Studio Solution File, Format Version 12.00
# Visual Studio Version 17
VisualStudioVersion = 17.4.33213.308
MinimumVisualStudioVersion = 10.0.40219.1
Project("{FAE04EC0-301F-11D3-BF4B-00C04F79EFBC}") = "Battleships", "Battleships\Battleships.csproj", "{39C90A79-ECEF-4BB1-A78E-34716F83F3F1}"
EndProject
Project("{FAE04EC0-301F-11D3-BF4B-00C04F79EFBC}") = "Battleships.Business", "Battleships.Business\Battleships.Business.csproj", "{B268D927-B851-4C9C-8C06-6F3F1A11CFB9}"
EndProject
Project("{FAE04EC0-301F-11D3-BF4B-00C04F79EFBC}") = "Battleships.Data", "Battleships.Data\Battleships.Data.csproj", "{A673FA67-6754-4DD2-B3B5-5E21F620C7F5}"
EndProject
Global
	GlobalSection(SolutionConfigurationPlatforms) = preSolution
		Debug|Any CPU = Debug|Any CPU
		Release|Any CPU = Release|Any CPU
	EndGlobalSection
	GlobalSection(ProjectConfigurationPlatforms) = postSolution
		{39C90A79-ECEF-4BB1-A78E-34716F83F3F1}.Debug|Any CPU.ActiveCfg = Debug|Any CPU
		{39C90A79-ECEF-4BB1-A78E-34716F83F3F1}.Debug|Any CPU.Build.0 = Debug|Any CPU
		{39C90A79-ECEF-4BB1-A78E-34716F83F3F1}.Release|Any CPU.ActiveCfg = Release|Any CPU
		{39C90A79-ECEF-4BB1-A78E-34716F83F3F1}.Release|Any CPU.Build.0 = Release|Any CPU
		{B268D927-B851-4C9C-8C06-6F3F1A11CFB9}.Debug|Any CPU.ActiveCfg = Debug|Any CPU
		{B268D927-B851-4C9C-8C06-6F3F1A11CFB9}.Debug|Any CPU.Build.0 = Debug|Any CPU
		{B268D927-B851-4C9C-8C06-6F3F1A11CFB9}.Release|Any CPU.ActiveCfg = Release|Any CPU
		{B268D927-B851-4C9C-8C06-6F3F1A11CFB9}.Release|Any CPU.Build.0 = Release|Any CPU
		{A673FA67-6754-4DD2-B3B5-5E21F620C7F5}.Debug|Any CPU.ActiveCfg = Debug|Any CPU
		{A673FA67-6754-4DD2-B3B5-5E21F620C7F5}.Debug|Any CPU.Build.0 = Debug|Any CPU
		{A673FA67-6754-4DD2-B3B5-5E21F620C7F5}.Release|Any CPU.ActiveCfg = Release|Any CPU
		{A673FA67-6754-4DD2-B3B5-5E21F620C7F5}.Release|Any CPU.Build.0 = Release|Any CPU
	EndGlobalSection
	GlobalSection(SolutionProperties) = preSolution
		HideSolutionNode = FALSE
	EndGlobalSection
	GlobalSection(ExtensibilityGlobals) = postSolution
		SolutionGuid = {DA21F7AF-FF16-49DA-8BD9-80E994A1D07E}
	EndGlobalSection
EndGlobal
